
Microsoft Visual Studio Solution File, Format Version 12.00
# Visual Studio Version 16
VisualStudioVersion = 16.0.31605.320
MinimumVisualStudioVersion = 10.0.40219.1
Project("{FAE04EC0-301F-11D3-BF4B-00C04F79EFBC}") = "eve3 20211208 task2", "eve3 20211208 task2\eve3 20211208 task2.csproj", "{87F18634-2484-4B71-BE7F-663130A37A19}"
EndProject
Global
	GlobalSection(SolutionConfigurationPlatforms) = preSolution
		Debug|Any CPU = Debug|Any CPU
		Release|Any CPU = Release|Any CPU
	EndGlobalSection
	GlobalSection(ProjectConfigurationPlatforms) = postSolution
		{87F18634-2484-4B71-BE7F-663130A37A19}.Debug|Any CPU.ActiveCfg = Debug|Any CPU
		{87F18634-2484-4B71-BE7F-663130A37A19}.Debug|Any CPU.Build.0 = Debug|Any CPU
		{87F18634-2484-4B71-BE7F-663130A37A19}.Release|Any CPU.ActiveCfg = Release|Any CPU
		{87F18634-2484-4B71-BE7F-663130A37A19}.Release|Any CPU.Build.0 = Release|Any CPU
	EndGlobalSection
	GlobalSection(SolutionProperties) = preSolution
		HideSolutionNode = FALSE
	EndGlobalSection
	GlobalSection(ExtensibilityGlobals) = postSolution
		SolutionGuid = {398DAF6B-38D8-458D-924B-AC7120B7E647}
	EndGlobalSection
EndGlobal
