
Microsoft Visual Studio Solution File, Format Version 12.00
# Visual Studio Version 16
VisualStudioVersion = 16.0.31605.320
MinimumVisualStudioVersion = 10.0.40219.1
Project("{FAE04EC0-301F-11D3-BF4B-00C04F79EFBC}") = "eve3 20211208 task3", "eve3 20211208 task3\eve3 20211208 task3.csproj", "{FD91BC04-1D62-4BDE-9AE7-DA056F6F6656}"
EndProject
Global
	GlobalSection(SolutionConfigurationPlatforms) = preSolution
		Debug|Any CPU = Debug|Any CPU
		Release|Any CPU = Release|Any CPU
	EndGlobalSection
	GlobalSection(ProjectConfigurationPlatforms) = postSolution
		{FD91BC04-1D62-4BDE-9AE7-DA056F6F6656}.Debug|Any CPU.ActiveCfg = Debug|Any CPU
		{FD91BC04-1D62-4BDE-9AE7-DA056F6F6656}.Debug|Any CPU.Build.0 = Debug|Any CPU
		{FD91BC04-1D62-4BDE-9AE7-DA056F6F6656}.Release|Any CPU.ActiveCfg = Release|Any CPU
		{FD91BC04-1D62-4BDE-9AE7-DA056F6F6656}.Release|Any CPU.Build.0 = Release|Any CPU
	EndGlobalSection
	GlobalSection(SolutionProperties) = preSolution
		HideSolutionNode = FALSE
	EndGlobalSection
	GlobalSection(ExtensibilityGlobals) = postSolution
		SolutionGuid = {B8891CCA-8939-4BCB-8FBF-37DB36AE9E32}
	EndGlobalSection
EndGlobal
