
Microsoft Visual Studio Solution File, Format Version 12.00
# Visual Studio Version 16
VisualStudioVersion = 16.0.31605.320
MinimumVisualStudioVersion = 10.0.40219.1
Project("{FAE04EC0-301F-11D3-BF4B-00C04F79EFBC}") = "eve3 20211208 task1", "eve3 20211208 task1\eve3 20211208 task1.csproj", "{88291AEB-9BDE-4173-B172-D2EBEE4542F7}"
EndProject
Global
	GlobalSection(SolutionConfigurationPlatforms) = preSolution
		Debug|Any CPU = Debug|Any CPU
		Release|Any CPU = Release|Any CPU
	EndGlobalSection
	GlobalSection(ProjectConfigurationPlatforms) = postSolution
		{88291AEB-9BDE-4173-B172-D2EBEE4542F7}.Debug|Any CPU.ActiveCfg = Debug|Any CPU
		{88291AEB-9BDE-4173-B172-D2EBEE4542F7}.Debug|Any CPU.Build.0 = Debug|Any CPU
		{88291AEB-9BDE-4173-B172-D2EBEE4542F7}.Release|Any CPU.ActiveCfg = Release|Any CPU
		{88291AEB-9BDE-4173-B172-D2EBEE4542F7}.Release|Any CPU.Build.0 = Release|Any CPU
	EndGlobalSection
	GlobalSection(SolutionProperties) = preSolution
		HideSolutionNode = FALSE
	EndGlobalSection
	GlobalSection(ExtensibilityGlobals) = postSolution
		SolutionGuid = {BAFE5982-8900-400B-99EA-F4BD6D81A093}
	EndGlobalSection
EndGlobal
